
Microsoft Visual Studio Solution File, Format Version 12.00
# Visual Studio Version 17
VisualStudioVersion = 17.14.36121.58 d17.14
MinimumVisualStudioVersion = 10.0.40219.1
Project("{FAE04EC0-301F-11D3-BF4B-00C04F79EFBC}") = "FoodieHubDeliverySystem", "FoodieHubDeliverySystem.csproj", "{B0138E99-F420-4AE9-9D50-275A0A2DAC38}"
EndProject
Project("{FAE04EC0-301F-11D3-BF4B-00C04F79EFBC}") = "FoodieHubDeliverySystem.Repository", "..\FoodieHubDeliverySystem.Repository\FoodieHubDeliverySystem.Repository.csproj", "{AF2259D8-9A79-4FCD-9C0B-A422B6D8EA15}"
EndProject
Global
	GlobalSection(SolutionConfigurationPlatforms) = preSolution
		Debug|Any CPU = Debug|Any CPU
		Release|Any CPU = Release|Any CPU
	EndGlobalSection
	GlobalSection(ProjectConfigurationPlatforms) = postSolution
		{B0138E99-F420-4AE9-9D50-275A0A2DAC38}.Debug|Any CPU.ActiveCfg = Debug|Any CPU
		{B0138E99-F420-4AE9-9D50-275A0A2DAC38}.Debug|Any CPU.Build.0 = Debug|Any CPU
		{B0138E99-F420-4AE9-9D50-275A0A2DAC38}.Release|Any CPU.ActiveCfg = Release|Any CPU
		{B0138E99-F420-4AE9-9D50-275A0A2DAC38}.Release|Any CPU.Build.0 = Release|Any CPU
		{AF2259D8-9A79-4FCD-9C0B-A422B6D8EA15}.Debug|Any CPU.ActiveCfg = Debug|Any CPU
		{AF2259D8-9A79-4FCD-9C0B-A422B6D8EA15}.Debug|Any CPU.Build.0 = Debug|Any CPU
		{AF2259D8-9A79-4FCD-9C0B-A422B6D8EA15}.Release|Any CPU.ActiveCfg = Release|Any CPU
		{AF2259D8-9A79-4FCD-9C0B-A422B6D8EA15}.Release|Any CPU.Build.0 = Release|Any CPU
	EndGlobalSection
	GlobalSection(SolutionProperties) = preSolution
		HideSolutionNode = FALSE
	EndGlobalSection
	GlobalSection(ExtensibilityGlobals) = postSolution
		SolutionGuid = {0715003D-4D03-4D3F-8D80-E5F89D04BC8E}
	EndGlobalSection
EndGlobal
